
Microsoft Visual Studio Solution File, Format Version 12.00
# Visual Studio 15
VisualStudioVersion = 15.0.28010.2048
MinimumVisualStudioVersion = 10.0.40219.1
Project("{FAE04EC0-301F-11D3-BF4B-00C04F79EFBC}") = "Host", "src\Host\Host.csproj", "{C72BA1B3-471A-48F8-B65E-45B71E810B6C}"
EndProject
Project("{2150E333-8FDC-42A3-9474-1A3956D46DE8}") = "BusinessLogic", "BusinessLogic", "{4138FD37-9B20-4725-82CE-8349CE1C3E4A}"
EndProject
Project("{FAE04EC0-301F-11D3-BF4B-00C04F79EFBC}") = "Grains", "src\Grains\Grains.csproj", "{3929E59E-E3C5-4A46-9477-CC38F9A208A0}"
EndProject
Project("{FAE04EC0-301F-11D3-BF4B-00C04F79EFBC}") = "IGrains", "src\IGrains\IGrains.csproj", "{106051E5-9FE1-4D2F-B634-26AC87EAE911}"
EndProject
Project("{FAE04EC0-301F-11D3-BF4B-00C04F79EFBC}") = "Client", "src\Client\Client.csproj", "{34142E8C-2627-4FC8-B37E-6919F194CA71}"
EndProject
Global
	GlobalSection(SolutionConfigurationPlatforms) = preSolution
		Debug|Any CPU = Debug|Any CPU
		Release|Any CPU = Release|Any CPU
	EndGlobalSection
	GlobalSection(ProjectConfigurationPlatforms) = postSolution
		{C72BA1B3-471A-48F8-B65E-45B71E810B6C}.Debug|Any CPU.ActiveCfg = Debug|Any CPU
		{C72BA1B3-471A-48F8-B65E-45B71E810B6C}.Debug|Any CPU.Build.0 = Debug|Any CPU
		{C72BA1B3-471A-48F8-B65E-45B71E810B6C}.Release|Any CPU.ActiveCfg = Release|Any CPU
		{C72BA1B3-471A-48F8-B65E-45B71E810B6C}.Release|Any CPU.Build.0 = Release|Any CPU
		{3929E59E-E3C5-4A46-9477-CC38F9A208A0}.Debug|Any CPU.ActiveCfg = Debug|Any CPU
		{3929E59E-E3C5-4A46-9477-CC38F9A208A0}.Debug|Any CPU.Build.0 = Debug|Any CPU
		{3929E59E-E3C5-4A46-9477-CC38F9A208A0}.Release|Any CPU.ActiveCfg = Release|Any CPU
		{3929E59E-E3C5-4A46-9477-CC38F9A208A0}.Release|Any CPU.Build.0 = Release|Any CPU
		{106051E5-9FE1-4D2F-B634-26AC87EAE911}.Debug|Any CPU.ActiveCfg = Debug|Any CPU
		{106051E5-9FE1-4D2F-B634-26AC87EAE911}.Debug|Any CPU.Build.0 = Debug|Any CPU
		{106051E5-9FE1-4D2F-B634-26AC87EAE911}.Release|Any CPU.ActiveCfg = Release|Any CPU
		{106051E5-9FE1-4D2F-B634-26AC87EAE911}.Release|Any CPU.Build.0 = Release|Any CPU
		{34142E8C-2627-4FC8-B37E-6919F194CA71}.Debug|Any CPU.ActiveCfg = Debug|Any CPU
		{34142E8C-2627-4FC8-B37E-6919F194CA71}.Debug|Any CPU.Build.0 = Debug|Any CPU
		{34142E8C-2627-4FC8-B37E-6919F194CA71}.Release|Any CPU.ActiveCfg = Release|Any CPU
		{34142E8C-2627-4FC8-B37E-6919F194CA71}.Release|Any CPU.Build.0 = Release|Any CPU
	EndGlobalSection
	GlobalSection(SolutionProperties) = preSolution
		HideSolutionNode = FALSE
	EndGlobalSection
	GlobalSection(NestedProjects) = preSolution
		{3929E59E-E3C5-4A46-9477-CC38F9A208A0} = {4138FD37-9B20-4725-82CE-8349CE1C3E4A}
		{106051E5-9FE1-4D2F-B634-26AC87EAE911} = {4138FD37-9B20-4725-82CE-8349CE1C3E4A}
	EndGlobalSection
	GlobalSection(ExtensibilityGlobals) = postSolution
		SolutionGuid = {66B5A538-6C13-463A-8FFC-C650C09A74B7}
	EndGlobalSection
EndGlobal
